
Microsoft Visual Studio Solution File, Format Version 12.00
# Visual Studio Version 17
VisualStudioVersion = 17.4.33205.214
MinimumVisualStudioVersion = 10.0.40219.1
Project("{9A19103F-16F7-4668-BE54-9A1E7A4F7556}") = "DRGRandomizer", "DRGRandomizer\DRGRandomizer.csproj", "{4D74F975-AA68-4686-8848-7C6E3E83CB08}"
EndProject
Project("{2150E333-8FDC-42A3-9474-1A3956D46DE8}") = "Solution Items", "Solution Items", "{520B1CF1-A77A-42D1-A32A-A1F476EBF207}"
EndProject
Global
	GlobalSection(SolutionConfigurationPlatforms) = preSolution
		Debug|Any CPU = Debug|Any CPU
		Release|Any CPU = Release|Any CPU
	EndGlobalSection
	GlobalSection(ProjectConfigurationPlatforms) = postSolution
		{4D74F975-AA68-4686-8848-7C6E3E83CB08}.Debug|Any CPU.ActiveCfg = Debug|Any CPU
		{4D74F975-AA68-4686-8848-7C6E3E83CB08}.Debug|Any CPU.Build.0 = Debug|Any CPU
		{4D74F975-AA68-4686-8848-7C6E3E83CB08}.Release|Any CPU.ActiveCfg = Release|Any CPU
		{4D74F975-AA68-4686-8848-7C6E3E83CB08}.Release|Any CPU.Build.0 = Release|Any CPU
	EndGlobalSection
	GlobalSection(SolutionProperties) = preSolution
		HideSolutionNode = FALSE
	EndGlobalSection
	GlobalSection(ExtensibilityGlobals) = postSolution
		SolutionGuid = {D502AD63-F018-4DE2-8013-F8BB222067D8}
	EndGlobalSection
EndGlobal
